# This file was autogenerated by uv via the following command:
#    uv pip compile pyproject.toml --output-file requirements.lock
aioredis==2.0.1
    # via fastapi-cache2
annotated-types==0.7.0
    # via pydantic
anyio==4.9.0
    # via
    #   httpx
    #   starlette
    #   watchfiles
async-timeout==5.0.1
    # via aioredis
cachetools==5.5.2
    # via google-auth
certifi==2025.4.26
    # via
    #   httpcore
    #   httpx
    #   requests
charset-normalizer==3.4.2
    # via requests
click==8.1.8
    # via uvicorn
fastapi==0.115.12
    # via
    #   onchainiq (pyproject.toml)
    #   fastapi-cache2
fastapi-cache2==0.1.8
    # via onchainiq (pyproject.toml)
google-ai-generativelanguage==0.6.15
    # via google-generativeai
google-api-core==2.24.2
    # via
    #   google-ai-generativelanguage
    #   google-api-python-client
    #   google-generativeai
google-api-python-client==2.169.0
    # via google-generativeai
google-auth==2.39.0
    # via
    #   google-ai-generativelanguage
    #   google-api-core
    #   google-api-python-client
    #   google-auth-httplib2
    #   google-generativeai
google-auth-httplib2==0.2.0
    # via google-api-python-client
google-generativeai==0.8.5
    # via onchainiq (pyproject.toml)
googleapis-common-protos==1.70.0
    # via
    #   google-api-core
    #   grpcio-status
grpcio==1.71.0
    # via
    #   google-api-core
    #   grpcio-status
grpcio-status==1.71.0
    # via google-api-core
h11==0.16.0
    # via
    #   httpcore
    #   uvicorn
hiredis==3.1.0
    # via redis
httpcore==1.0.9
    # via httpx
httplib2==0.22.0
    # via
    #   google-api-python-client
    #   google-auth-httplib2
httptools==0.6.4
    # via uvicorn
httpx==0.28.1
    # via
    #   onchainiq (pyproject.toml)
    #   langsmith
idna==3.10
    # via
    #   anyio
    #   httpx
    #   requests
jsonpatch==1.33
    # via langchain-core
jsonpointer==3.0.0
    # via jsonpatch
langchain==0.3.25
    # via onchainiq (pyproject.toml)
langchain-core==0.3.58
    # via
    #   langchain
    #   langchain-text-splitters
langchain-text-splitters==0.3.8
    # via langchain
langsmith==0.3.42
    # via
    #   langchain
    #   langchain-core
numpy==2.2.5
    # via
    #   onchainiq (pyproject.toml)
    #   pandas
orjson==3.10.18
    # via langsmith
packaging==24.2
    # via
    #   langchain-core
    #   langsmith
pandas==2.2.3
    # via onchainiq (pyproject.toml)
pendulum==3.1.0
    # via fastapi-cache2
proto-plus==1.26.1
    # via
    #   google-ai-generativelanguage
    #   google-api-core
protobuf==5.29.4
    # via
    #   google-ai-generativelanguage
    #   google-api-core
    #   google-generativeai
    #   googleapis-common-protos
    #   grpcio-status
    #   proto-plus
pyasn1==0.6.1
    # via
    #   pyasn1-modules
    #   rsa
pyasn1-modules==0.4.2
    # via google-auth
pydantic==2.11.4
    # via
    #   fastapi
    #   google-generativeai
    #   langchain
    #   langchain-core
    #   langsmith
    #   pydantic-settings
pydantic-core==2.33.2
    # via pydantic
pydantic-settings==2.9.1
    # via onchainiq (pyproject.toml)
pyparsing==3.2.3
    # via httplib2
python-dateutil==2.9.0.post0
    # via
    #   pandas
    #   pendulum
python-dotenv==1.1.0
    # via
    #   onchainiq (pyproject.toml)
    #   pydantic-settings
    #   uvicorn
python-json-logger==3.3.0
    # via onchainiq (pyproject.toml)
pytz==2025.2
    # via pandas
pyyaml==6.0.2
    # via
    #   langchain
    #   langchain-core
    #   uvicorn
redis==6.0.0
    # via onchainiq (pyproject.toml)
requests==2.32.3
    # via
    #   google-api-core
    #   langchain
    #   langsmith
    #   requests-toolbelt
requests-toolbelt==1.0.0
    # via langsmith
rsa==4.9.1
    # via google-auth
six==1.17.0
    # via python-dateutil
sniffio==1.3.1
    # via anyio
sqlalchemy==2.0.40
    # via langchain
starlette==0.46.2
    # via fastapi
structlog==25.3.0
    # via onchainiq (pyproject.toml)
tenacity==9.1.2
    # via langchain-core
tqdm==4.67.1
    # via google-generativeai
typing-extensions==4.13.2
    # via
    #   aioredis
    #   fastapi
    #   google-generativeai
    #   langchain-core
    #   pydantic
    #   pydantic-core
    #   sqlalchemy
    #   typing-inspection
typing-inspection==0.4.0
    # via
    #   pydantic
    #   pydantic-settings
tzdata==2025.2
    # via
    #   pandas
    #   pendulum
uritemplate==4.1.1
    # via google-api-python-client
urllib3==2.4.0
    # via requests
uvicorn==0.34.2
    # via
    #   onchainiq (pyproject.toml)
    #   fastapi-cache2
uvloop==0.21.0
    # via uvicorn
watchfiles==1.0.5
    # via uvicorn
websockets==15.0.1
    # via uvicorn
zstandard==0.23.0
    # via langsmith
